// !$*UTF8*$!
{
	archiveVersion = 1;
	classes = {
	};
	objectVersion = 50;
	objects = {

/* Begin PBXBuildFile section */
		572131D22255EFBF00F615BA /* AppDelegate.swift in Sources */ = {isa = PBXBuildFile; fileRef = 572131D12255EFBF00F615BA /* AppDelegate.swift */; };
		572131D72255EFBF00F615BA /* Main.storyboard in Resources */ = {isa = PBXBuildFile; fileRef = 572131D52255EFBF00F615BA /* Main.storyboard */; };
		572131D92255EFC000F615BA /* Assets.xcassets in Resources */ = {isa = PBXBuildFile; fileRef = 572131D82255EFC000F615BA /* Assets.xcassets */; };
		572131DC2255EFC000F615BA /* LaunchScreen.storyboard in Resources */ = {isa = PBXBuildFile; fileRef = 572131DA2255EFC000F615BA /* LaunchScreen.storyboard */; };
		572131E42255EFCE00F615BA /* CollectionViewCell.swift in Sources */ = {isa = PBXBuildFile; fileRef = 572131E32255EFCE00F615BA /* CollectionViewCell.swift */; };
		572131E62255EFDA00F615BA /* CollectionViewController.swift in Sources */ = {isa = PBXBuildFile; fileRef = 572131E52255EFDA00F615BA /* CollectionViewController.swift */; };
/* End PBXBuildFile section */

/* Begin PBXFileReference section */
		572131CE2255EFBF00F615BA /* CollectionViewSp.app */ = {isa = PBXFileReference; explicitFileType = wrapper.application; includeInIndex = 0; path = CollectionViewSp.app; sourceTree = BUILT_PRODUCTS_DIR; };
		572131D12255EFBF00F615BA /* AppDelegate.swift */ = {isa = PBXFileReference; lastKnownFileType = sourcecode.swift; path = AppDelegate.swift; sourceTree = "<group>"; };
		572131D62255EFBF00F615BA /* Base */ = {isa = PBXFileReference; lastKnownFileType = file.storyboard; name = Base; path = Base.lproj/Main.storyboard; sourceTree = "<group>"; };
		572131D82255EFC000F615BA /* Assets.xcassets */ = {isa = PBXFileReference; lastKnownFileType = folder.assetcatalog; path = Assets.xcassets; sourceTree = "<group>"; };
		572131DB2255EFC000F615BA /* Base */ = {isa = PBXFileReference; lastKnownFileType = file.storyboard; name = Base; path = Base.lproj/LaunchScreen.storyboard; sourceTree = "<group>"; };
		572131DD2255EFC000F615BA /* Info.plist */ = {isa = PBXFileReference; lastKnownFileType = text.plist.xml; path = Info.plist; sourceTree = "<group>"; };
		572131E32255EFCE00F615BA /* CollectionViewCell.swift */ = {isa = PBXFileReference; lastKnownFileType = sourcecode.swift; path = CollectionViewCell.swift; sourceTree = "<group>"; };
		572131E52255EFDA00F615BA /* CollectionViewController.swift */ = {isa = PBXFileReference; lastKnownFileType = sourcecode.swift; path = CollectionViewController.swift; sourceTree = "<group>"; };
/* End PBXFileReference section */

/* Begin PBXFrameworksBuildPhase section */
		572131CB2255EFBF00F615BA /* Frameworks */ = {
			isa = PBXFrameworksBuildPhase;
			buildActionMask = 2147483647;
			files = (
			);
			runOnlyForDeploymentPostprocessing = 0;
		};
/* End PBXFrameworksBuildPhase section */

/* Begin PBXGroup section */
		572131C52255EFBF00F615BA = {
			isa = PBXGroup;
			children = (
				572131D02255EFBF00F615BA /* CollectionViewSp */,
				572131CF2255EFBF00F615BA /* Products */,
			);
			sourceTree = "<group>";
		};
		572131CF2255EFBF00F615BA /* Products */ = {
			isa = PBXGroup;
			children = (
				572131CE2255EFBF00F615BA /* CollectionViewSp.app */,
			);
			name = Products;
			sourceTree = "<group>";
		};
		572131D02255EFBF00F615BA /* CollectionViewSp */ = {
			isa = PBXGroup;
			children = (
				572131D12255EFBF00F615BA /* AppDelegate.swift */,
				572131E52255EFDA00F615BA /* CollectionViewController.swift */,
				572131E32255EFCE00F615BA /* CollectionViewCell.swift */,
				572131D52255EFBF00F615BA /* Main.storyboard */,
				572131D82255EFC000F615BA /* Assets.xcassets */,
				572131DA2255EFC000F615BA /* LaunchScreen.storyboard */,
				572131DD2255EFC000F615BA /* Info.plist */,
			);
			path = CollectionViewSp;
			sourceTree = "<group>";
		};
/* End PBXGroup section */

/* Begin PBXNativeTarget section */
		572131CD2255EFBF00F615BA /* CollectionViewSp */ = {
			isa = PBXNativeTarget;
			buildConfigurationList = 572131E02255EFC000F615BA /* Build configuration list for PBXNativeTarget "CollectionViewSp" */;
			buildPhases = (
				572131CA2255EFBF00F615BA /* Sources */,
				572131CB2255EFBF00F615BA /* Frameworks */,
				572131CC2255EFBF00F615BA /* Resources */,
			);
			buildRules = (
			);
			dependencies = (
			);
			name = CollectionViewSp;
			productName = CollectionViewSp;
			productReference = 572131CE2255EFBF00F615BA /* CollectionViewSp.app */;
			productType = "com.apple.product-type.application";
		};
/* End PBXNativeTarget section */

/* Begin PBXProject section */
		572131C62255EFBF00F615BA /* Project object */ = {
			isa = PBXProject;
			attributes = {
				LastSwiftUpdateCheck = 1000;
				LastUpgradeCheck = 1000;
				ORGANIZATIONNAME = "Duc Anh";
				TargetAttributes = {
					572131CD2255EFBF00F615BA = {
						CreatedOnToolsVersion = 10.0;
					};
				};
			};
			buildConfigurationList = 572131C92255EFBF00F615BA /* Build configuration list for PBXProject "CollectionViewSp" */;
			compatibilityVersion = "Xcode 9.3";
			developmentRegion = en;
			hasScannedForEncodings = 0;
			knownRegions = (
				en,
				Base,
			);
			mainGroup = 572131C52255EFBF00F615BA;
			productRefGroup = 572131CF2255EFBF00F615BA /* Products */;
			projectDirPath = "";
			projectRoot = "";
			targets = (
				572131CD2255EFBF00F615BA /* CollectionViewSp */,
			);
		};
/* End PBXProject section */

/* Begin PBXResourcesBuildPhase section */
		572131CC2255EFBF00F615BA /* Resources */ = {
			isa = PBXResourcesBuildPhase;
			buildActionMask = 2147483647;
			files = (
				572131DC2255EFC000F615BA /* LaunchScreen.storyboard in Resources */,
				572131D92255EFC000F615BA /* Assets.xcassets in Resources */,
				572131D72255EFBF00F615BA /* Main.storyboard in Resources */,
			);
			runOnlyForDeploymentPostprocessing = 0;
		};
/* End PBXResourcesBuildPhase section */

/* Begin PBXSourcesBuildPhase section */
		572131CA2255EFBF00F615BA /* Sources */ = {
			isa = PBXSourcesBuildPhase;
			buildActionMask = 2147483647;
			files = (
				572131E62255EFDA00F615BA /* CollectionViewController.swift in Sources */,
				572131E42255EFCE00F615BA /* CollectionViewCell.swift in Sources */,
				572131D22255EFBF00F615BA /* AppDelegate.swift in Sources */,
			);
			runOnlyForDeploymentPostprocessing = 0;
		};
/* End PBXSourcesBuildPhase section */

/* Begin PBXVariantGroup section */
		572131D52255EFBF00F615BA /* Main.storyboard */ = {
			isa = PBXVariantGroup;
			children = (
				572131D62255EFBF00F615BA /* Base */,
			);
			name = Main.storyboard;
			sourceTree = "<group>";
		};
		572131DA2255EFC000F615BA /* LaunchScreen.storyboard */ = {
			isa = PBXVariantGroup;
			children = (
				572131DB2255EFC000F615BA /* Base */,
			);
			name = LaunchScreen.storyboard;
			sourceTree = "<group>";
		};
/* End PBXVariantGroup section */

/* Begin XCBuildConfiguration section */
		572131DE2255EFC000F615BA /* Debug */ = {
			isa = XCBuildConfiguration;
			buildSettings = {
				ALWAYS_SEARCH_USER_PATHS = NO;
				CLANG_ANALYZER_NONNULL = YES;
				CLANG_ANALYZER_NUMBER_OBJECT_CONVERSION = YES_AGGRESSIVE;
				CLANG_CXX_LANGUAGE_STANDARD = "gnu++14";
				CLANG_CXX_LIBRARY = "libc++";
				CLANG_ENABLE_MODULES = YES;
				CLANG_ENABLE_OBJC_ARC = YES;
				CLANG_ENABLE_OBJC_WEAK = YES;
				CLANG_WARN_BLOCK_CAPTURE_AUTORELEASING = YES;
				CLANG_WARN_BOOL_CONVERSION = YES;
				CLANG_WARN_COMMA = YES;
				CLANG_WARN_CONSTANT_CONVERSION = YES;
				CLANG_WARN_DEPRECATED_OBJC_IMPLEMENTATIONS = YES;
				CLANG_WARN_DIRECT_OBJC_ISA_USAGE = YES_ERROR;
				CLANG_WARN_DOCUMENTATION_COMMENTS = YES;
				CLANG_WARN_EMPTY_BODY = YES;
				CLANG_WARN_ENUM_CONVERSION = YES;
				CLANG_WARN_INFINITE_RECURSION = YES;
				CLANG_WARN_INT_CONVERSION = YES;
				CLANG_WARN_NON_LITERAL_NULL_CONVERSION = YES;
				CLANG_WARN_OBJC_IMPLICIT_RETAIN_SELF = YES;
				CLANG_WARN_OBJC_LITERAL_CONVERSION = YES;
				CLANG_WARN_OBJC_ROOT_CLASS = YES_ERROR;
				CLANG_WARN_RANGE_LOOP_ANALYSIS = YES;
				CLANG_WARN_STRICT_PROTOTYPES = YES;
				CLANG_WARN_SUSPICIOUS_MOVE = YES;
				CLANG_WARN_UNGUARDED_AVAILABILITY = YES_AGGRESSIVE;
				CLANG_WARN_UNREACHABLE_CODE = YES;
				CLANG_WARN__DUPLICATE_METHOD_MATCH = YES;
				CODE_SIGN_IDENTITY = "iPhone Developer";
				COPY_PHASE_STRIP = NO;
				DEBUG_INFORMATION_FORMAT = dwarf;
				ENABLE_STRICT_OBJC_MSGSEND = YES;
				ENABLE_TESTABILITY = YES;
				GCC_C_LANGUAGE_STANDARD = gnu11;
				GCC_DYNAMIC_NO_PIC = NO;
				GCC_NO_COMMON_BLOCKS = YES;
				GCC_OPTIMIZATION_LEVEL = 0;
				GCC_PREPROCESSOR_DEFINITIONS = (
					"DEBUG=1",
					"$(inherited)",
				);
				GCC_WARN_64_TO_32_BIT_CONVERSION = YES;
				GCC_WARN_ABOUT_RETURN_TYPE = YES_ERROR;
				GCC_WARN_UNDECLARED_SELECTOR = YES;
				GCC_WARN_UNINITIALIZED_AUTOS = YES_AGGRESSIVE;
				GCC_WARN_UNUSED_FUNCTION = YES;
				GCC_WARN_UNUSED_VARIABLE = YES;
				IPHONEOS_DEPLOYMENT_TARGET = 12.0;
				MTL_ENABLE_DEBUG_INFO = INCLUDE_SOURCE;
				MTL_FAST_MATH = YES;
				ONLY_ACTIVE_ARCH = YES;
				SDKROOT = iphoneos;
				SWIFT_ACTIVE_COMPILATION_CONDITIONS = DEBUG;
				SWIFT_OPTIMIZATION_LEVEL = "-Onone";
			};
			name = Debug;
		};
		572131DF2255EFC000F615BA /* Release */ = {
			isa = XCBuildConfiguration;
			buildSettings = {
				ALWAYS_SEARCH_USER_PATHS = NO;
				CLANG_ANALYZER_NONNULL = YES;
				CLANG_ANALYZER_NUMBER_OBJECT_CONVERSION = YES_AGGRESSIVE;
				CLANG_CXX_LANGUAGE_STANDARD = "gnu++14";
				CLANG_CXX_LIBRARY = "libc++";
				CLANG_ENABLE_MODULES = YES;
				CLANG_ENABLE_OBJC_ARC = YES;
				CLANG_ENABLE_OBJC_WEAK = YES;
				CLANG_WARN_BLOCK_CAPTURE_AUTORELEASING = YES;
				CLANG_WARN_BOOL_CONVERSION = YES;
				CLANG_WARN_COMMA = YES;
				CLANG_WARN_CONSTANT_CONVERSION = YES;
				CLANG_WARN_DEPRECATED_OBJC_IMPLEMENTATIONS = YES;
				CLANG_WARN_DIRECT_OBJC_ISA_USAGE = YES_ERROR;
				CLANG_WARN_DOCUMENTATION_COMMENTS = YES;
				CLANG_WARN_EMPTY_BODY = YES;
				CLANG_WARN_ENUM_CONVERSION = YES;
				CLANG_WARN_INFINITE_RECURSION = YES;
				CLANG_WARN_INT_CONVERSION = YES;
				CLANG_WARN_NON_LITERAL_NULL_CONVERSION = YES;
				CLANG_WARN_OBJC_IMPLICIT_RETAIN_SELF = YES;
				CLANG_WARN_OBJC_LITERAL_CONVERSION = YES;
				CLANG_WARN_OBJC_ROOT_CLASS = YES_ERROR;
				CLANG_WARN_RANGE_LOOP_ANALYSIS = YES;
				CLANG_WARN_STRICT_PROTOTYPES = YES;
				CLANG_WARN_SUSPICIOUS_MOVE = YES;
				CLANG_WARN_UNGUARDED_AVAILABILITY = YES_AGGRESSIVE;
				CLANG_WARN_UNREACHABLE_CODE = YES;
				CLANG_WARN__DUPLICATE_METHOD_MATCH = YES;
				CODE_SIGN_IDENTITY = "iPhone Developer";
				COPY_PHASE_STRIP = NO;
				DEBUG_INFORMATION_FORMAT = "dwarf-with-dsym";
				ENABLE_NS_ASSERTIONS = NO;
				ENABLE_STRICT_OBJC_MSGSEND = YES;
				GCC_C_LANGUAGE_STANDARD = gnu11;
				GCC_NO_COMMON_BLOCKS = YES;
				GCC_WARN_64_TO_32_BIT_CONVERSION = YES;
				GCC_WARN_ABOUT_RETURN_TYPE = YES_ERROR;
				GCC_WARN_UNDECLARED_SELECTOR = YES;
				GCC_WARN_UNINITIALIZED_AUTOS = YES_AGGRESSIVE;
				GCC_WARN_UNUSED_FUNCTION = YES;
				GCC_WARN_UNUSED_VARIABLE = YES;
				IPHONEOS_DEPLOYMENT_TARGET = 12.0;
				MTL_ENABLE_DEBUG_INFO = NO;
				MTL_FAST_MATH = YES;
				SDKROOT = iphoneos;
				SWIFT_COMPILATION_MODE = wholemodule;
				SWIFT_OPTIMIZATION_LEVEL = "-O";
				VALIDATE_PRODUCT = YES;
			};
			name = Release;
		};
		572131E12255EFC000F615BA /* Debug */ = {
			isa = XCBuildConfiguration;
			buildSettings = {
				ASSETCATALOG_COMPILER_APPICON_NAME = AppIcon;
				CODE_SIGN_STYLE = Automatic;
				INFOPLIST_FILE = CollectionViewSp/Info.plist;
				LD_RUNPATH_SEARCH_PATHS = (
					"$(inherited)",
					"@executable_path/Frameworks",
				);
				PRODUCT_BUNDLE_IDENTIFIER = ducanh0808.CollectionViewSp;
				PRODUCT_NAME = "$(TARGET_NAME)";
				SWIFT_VERSION = 4.2;
				TARGETED_DEVICE_FAMILY = "1,2";
			};
			name = Debug;
		};
		572131E22255EFC000F615BA /* Release */ = {
			isa = XCBuildConfiguration;
			buildSettings = {
				ASSETCATALOG_COMPILER_APPICON_NAME = AppIcon;
				CODE_SIGN_STYLE = Automatic;
				INFOPLIST_FILE = CollectionViewSp/Info.plist;
				LD_RUNPATH_SEARCH_PATHS = (
					"$(inherited)",
					"@executable_path/Frameworks",
				);
				PRODUCT_BUNDLE_IDENTIFIER = ducanh0808.CollectionViewSp;
				PRODUCT_NAME = "$(TARGET_NAME)";
				SWIFT_VERSION = 4.2;
				TARGETED_DEVICE_FAMILY = "1,2";
			};
			name = Release;
		};
/* End XCBuildConfiguration section */

/* Begin XCConfigurationList section */
		572131C92255EFBF00F615BA /* Build configuration list for PBXProject "CollectionViewSp" */ = {
			isa = XCConfigurationList;
			buildConfigurations = (
				572131DE2255EFC000F615BA /* Debug */,
				572131DF2255EFC000F615BA /* Release */,
			);
			defaultConfigurationIsVisible = 0;
			defaultConfigurationName = Release;
		};
		572131E02255EFC000F615BA /* Build configuration list for PBXNativeTarget "CollectionViewSp" */ = {
			isa = XCConfigurationList;
			buildConfigurations = (
				572131E12255EFC000F615BA /* Debug */,
				572131E22255EFC000F615BA /* Release */,
			);
			defaultConfigurationIsVisible = 0;
			defaultConfigurationName = Release;
		};
/* End XCConfigurationList section */
	};
	rootObject = 572131C62255EFBF00F615BA /* Project object */;
}
